
Microsoft Visual Studio Solution File, Format Version 12.00
# Visual Studio Version 17
VisualStudioVersion = 17.14.36623.8 d17.14
MinimumVisualStudioVersion = 10.0.40219.1
Project("{FAE04EC0-301F-11D3-BF4B-00C04F79EFBC}") = "ElKharis", "ElKharis.csproj", "{C695AE7B-FD1E-45DC-8743-99E67615898D}"
EndProject
Global
	GlobalSection(SolutionConfigurationPlatforms) = preSolution
		Debug|Any CPU = Debug|Any CPU
		Release|Any CPU = Release|Any CPU
	EndGlobalSection
	GlobalSection(ProjectConfigurationPlatforms) = postSolution
		{C695AE7B-FD1E-45DC-8743-99E67615898D}.Debug|Any CPU.ActiveCfg = Debug|Any CPU
		{C695AE7B-FD1E-45DC-8743-99E67615898D}.Debug|Any CPU.Build.0 = Debug|Any CPU
		{C695AE7B-FD1E-45DC-8743-99E67615898D}.Release|Any CPU.ActiveCfg = Release|Any CPU
		{C695AE7B-FD1E-45DC-8743-99E67615898D}.Release|Any CPU.Build.0 = Release|Any CPU
	EndGlobalSection
	GlobalSection(SolutionProperties) = preSolution
		HideSolutionNode = FALSE
	EndGlobalSection
	GlobalSection(ExtensibilityGlobals) = postSolution
		SolutionGuid = {65F70783-EA3A-47D0-BDD9-E4EC69CD7FD0}
	EndGlobalSection
EndGlobal
